# THIS IS AN AUTOGENERATED FILE. DO NOT EDIT THIS FILE DIRECTLY.
# yarn lockfile v1


almond@~0.3.1:
  version "0.3.3"
  resolved "https://registry.yarnpkg.com/almond/-/almond-0.3.3.tgz#a0e7c95ac7624d6417b4494b1e68bff693168a20"

bootbox@~4.4.0:
  version "4.4.0"
  resolved "https://registry.yarnpkg.com/bootbox/-/bootbox-4.4.0.tgz#ff7f898fb87d4527e547feb64158f88450d1a0c9"

bootstrap@3.3.7, bootstrap@~3.3.0:
  version "3.3.7"
  resolved "https://registry.yarnpkg.com/bootstrap/-/bootstrap-3.3.7.tgz#5a389394549f23330875a3b150656574f8a9eb71"

font-awesome@~4.6.0:
  version "4.6.3"
  resolved "https://registry.yarnpkg.com/font-awesome/-/font-awesome-4.6.3.tgz#86933651540ee00874c664017f50f2172f6531a2"

fuelux@~3.15.0:
  version "3.15.13"
  resolved "https://registry.yarnpkg.com/fuelux/-/fuelux-3.15.13.tgz#94c993444faf813162c5d4592a796c40c0d79b24"
  dependencies:
    bootstrap "3.3.7"
    jquery "3.2.1"
    moment "2.18.1"

jquery-mousewheel@~3.1.13:
  version "3.1.13"
  resolved "https://registry.yarnpkg.com/jquery-mousewheel/-/jquery-mousewheel-3.1.13.tgz#06f0335f16e353a695e7206bf50503cb523a6ee5"

jquery@3.2.1, jquery@>=1.7:
  version "3.2.1"
  resolved "https://registry.yarnpkg.com/jquery/-/jquery-3.2.1.tgz#5c4d9de652af6cd0a770154a631bba12b015c787"

jquery@~2.2.0:
  version "2.2.4"
  resolved "https://registry.yarnpkg.com/jquery/-/jquery-2.2.4.tgz#2c89d6889b5eac522a7eea32c14521559c6cbf02"

js-cookie@~2.1.0:
  version "2.1.4"
  resolved "https://registry.yarnpkg.com/js-cookie/-/js-cookie-2.1.4.tgz#da4ec503866f149d164cf25f579ef31015025d8d"

knockout@~3.4.0:
  version "3.4.2"
  resolved "https://registry.yarnpkg.com/knockout/-/knockout-3.4.2.tgz#e87958de77ad1e936f7ce645bab8b5d7c456d937"

ladda@~1.0.0:
  version "1.0.5"
  resolved "https://registry.yarnpkg.com/ladda/-/ladda-1.0.5.tgz#3fc33066516615c0bc73d3740d12e31a554a57da"
  dependencies:
    spin.js "^2.0.0"

moment@2.18.1:
  version "2.18.1"
  resolved "https://registry.yarnpkg.com/moment/-/moment-2.18.1.tgz#c36193dd3ce1c2eed2adb7c802dbbc77a81b1c0f"

moment@~2.14.0:
  version "2.14.1"
  resolved "https://registry.yarnpkg.com/moment/-/moment-2.14.1.tgz#b35b27c47e57ed2ddc70053d6b07becdb291741c"

"requirejs-domReady@https://github.com/requirejs/domReady.git#2.0.1":
  version "2.0.1"
  resolved "https://github.com/requirejs/domReady.git#c74caaa6dac64f2f47093f4952b991390406adfb"

requirejs@~2.2.0:
  version "2.2.0"
  resolved "https://registry.yarnpkg.com/requirejs/-/requirejs-2.2.0.tgz#0f2b1538af2b8d0a4fffffde5d367aa9cd4cfe84"

"select2-bootstrap-theme@https://github.com/select2/select2-bootstrap-theme.git#0.1.0-beta.8":
  version "0.1.0-beta.8"
  resolved "https://github.com/select2/select2-bootstrap-theme.git#9b033829e02d468576915d79a3ff975c6fea7857"

select2@~4.0.0:
  version "4.0.5"
  resolved "https://registry.yarnpkg.com/select2/-/select2-4.0.5.tgz#7aac50692561985b34d3b82ec55e226f8960d40a"
  dependencies:
    almond "~0.3.1"
    jquery-mousewheel "~3.1.13"

spin.js@^2.0.0:
  version "2.3.2"
  resolved "https://registry.yarnpkg.com/spin.js/-/spin.js-2.3.2.tgz#6caa56d520673450fd5cfbc6971e6d0772c37a1a"

typeahead.js@~0.11.0:
  version "0.11.1"
  resolved "https://registry.yarnpkg.com/typeahead.js/-/typeahead.js-0.11.1.tgz#4e64e671b22310a8606f4aec805924ba84b015b8"
  dependencies:
    jquery ">=1.7"

underscore@~1.8.0:
  version "1.8.3"
  resolved "https://registry.yarnpkg.com/underscore/-/underscore-1.8.3.tgz#4f3fb53b106e6097fcf9cb4109f2a5e9bdfa5022"
